{
  "requires": true,
  "lockfileVersion": 1,
  "dependencies": {
    "@types/estree": {
      "version": "0.0.39",
      "resolved": "https://registry.npmjs.org/@types/estree/-/estree-0.0.39.tgz",
      "integrity": "sha512-EYNwp3bU+98cpU4lAWYYL7Zz+2gryWH1qbdDTidVd6hkiR6weksdbMadyXKXNPEkQFhXM+hVO9ZygomHXp+AIw==",
      "dev": true
    },
    "@types/node": {
      "version": "11.13.9",
      "resolved": "https://registry.npmjs.org/@types/node/-/node-11.13.9.tgz",
      "integrity": "sha512-NJ4yuEVw5podZbINp3tEqUIImMSAEHaCXRiWCf3KC32l6hIKf0iPJEh2uZdT0fELfRYk310yLmMXqy2leZQUbg==",
      "dev": true
    },
    "acorn": {
      "version": "6.1.1",
      "resolved": "https://registry.npmjs.org/acorn/-/acorn-6.1.1.tgz",
      "integrity": "sha512-jPTiwtOxaHNaAPg/dmrJ/beuzLRnXtB0kQPQ8JpotKJgTB6rX6c8mlf315941pyjBSaPg8NHXS9fhP4u17DpGA==",
      "dev": true
    },
    "rollup": {
      "version": "1.10.1",
      "resolved": "https://registry.npmjs.org/rollup/-/rollup-1.10.1.tgz",
      "integrity": "sha512-pW353tmBE7QP622ITkGxtqF0d5gSRCVPD9xqM+fcPjudeZfoXMFW2sCzsTe2TU/zU1xamIjiS9xuFCPVT9fESw==",
      "dev": true,
      "requires": {
        "@types/estree": "0.0.39",
        "@types/node": "^11.13.5",
        "acorn": "^6.1.1"
      }
    },
    "servor": {
      "version": "2.2.1",
      "resolved": "https://registry.npmjs.org/servor/-/servor-2.2.1.tgz",
      "integrity": "sha512-eWfiLC6vgpOXGfIVJCHwbPdVcddVX0iFABtZVIATk3xpAfCX9toRWD04I5aB4fhNh+VIR705zo/RhXJPYfpEwQ==",
      "dev": true
    },
    "svelte": {
      "version": "3.1.0",
      "resolved": "https://registry.npmjs.org/svelte/-/svelte-3.1.0.tgz",
      "integrity": "sha512-b5TyzV7Dx1ijN4QPNarhKq5rX98QHDmi18nF0G8KV3d5KX3Jj98Yu4+tzM97ktnXcfoVJmvONvPaX1ZI0mr8Dw==",
      "dev": true
    }
  }
}
