{
  "name": "nanocal",
  "version": "0.2.0",
  "lockfileVersion": 1,
  "requires": true,
  "dependencies": {
    "cntdys": {
      "version": "0.2.5",
      "resolved": "https://registry.npmjs.org/cntdys/-/cntdys-0.2.5.tgz",
      "integrity": "sha512-Sp57pGYKW89j8CRqd0F2QUU1Zh9znTg6zYhUF9O4tgD4VQcQOM0xAcSSWvOYLdzaumd9blohovdTqXqFS9ubpA=="
    }
  }
}
