{
  "name": "nanocal",
  "version": "0.2.7",
  "lockfileVersion": 1,
  "requires": true,
  "dependencies": {
    "cntdys": {
      "version": "0.2.6",
      "resolved": "https://registry.npmjs.org/cntdys/-/cntdys-0.2.6.tgz",
      "integrity": "sha512-u72UAHqxPr4T7CfVy2CpMzpIXR7UawTQidKTtDRxAbVHX7Rooi2BkljdbTiIflalEgZ3GmPBc0Q9PVofLNa6xQ=="
    }
  }
}
